
Microsoft Visual Studio Solution File, Format Version 12.00
# Visual Studio Version 17
VisualStudioVersion = 17.7.34031.279
MinimumVisualStudioVersion = 10.0.40219.1
Project("{FAE04EC0-301F-11D3-BF4B-00C04F79EFBC}") = "AppProjekt.Server", "Server\AppProjekt.Server.csproj", "{5C24FD0F-9775-4C54-8248-01C5D5C1E384}"
EndProject
Project("{FAE04EC0-301F-11D3-BF4B-00C04F79EFBC}") = "AppProjekt.Client", "Client\AppProjekt.Client.csproj", "{B5E33106-5CD5-43BE-BD6E-F30416784CCC}"
EndProject
Project("{FAE04EC0-301F-11D3-BF4B-00C04F79EFBC}") = "AppProjekt.Shared", "Shared\AppProjekt.Shared.csproj", "{105ECAA9-F0AB-4DFD-8A04-350F133C9286}"
EndProject
Global
	GlobalSection(SolutionConfigurationPlatforms) = preSolution
		Debug|Any CPU = Debug|Any CPU
		Release|Any CPU = Release|Any CPU
	EndGlobalSection
	GlobalSection(ProjectConfigurationPlatforms) = postSolution
		{5C24FD0F-9775-4C54-8248-01C5D5C1E384}.Debug|Any CPU.ActiveCfg = Debug|Any CPU
		{5C24FD0F-9775-4C54-8248-01C5D5C1E384}.Debug|Any CPU.Build.0 = Debug|Any CPU
		{5C24FD0F-9775-4C54-8248-01C5D5C1E384}.Release|Any CPU.ActiveCfg = Release|Any CPU
		{5C24FD0F-9775-4C54-8248-01C5D5C1E384}.Release|Any CPU.Build.0 = Release|Any CPU
		{B5E33106-5CD5-43BE-BD6E-F30416784CCC}.Debug|Any CPU.ActiveCfg = Debug|Any CPU
		{B5E33106-5CD5-43BE-BD6E-F30416784CCC}.Debug|Any CPU.Build.0 = Debug|Any CPU
		{B5E33106-5CD5-43BE-BD6E-F30416784CCC}.Release|Any CPU.ActiveCfg = Release|Any CPU
		{B5E33106-5CD5-43BE-BD6E-F30416784CCC}.Release|Any CPU.Build.0 = Release|Any CPU
		{105ECAA9-F0AB-4DFD-8A04-350F133C9286}.Debug|Any CPU.ActiveCfg = Debug|Any CPU
		{105ECAA9-F0AB-4DFD-8A04-350F133C9286}.Debug|Any CPU.Build.0 = Debug|Any CPU
		{105ECAA9-F0AB-4DFD-8A04-350F133C9286}.Release|Any CPU.ActiveCfg = Release|Any CPU
		{105ECAA9-F0AB-4DFD-8A04-350F133C9286}.Release|Any CPU.Build.0 = Release|Any CPU
	EndGlobalSection
	GlobalSection(SolutionProperties) = preSolution
		HideSolutionNode = FALSE
	EndGlobalSection
	GlobalSection(ExtensibilityGlobals) = postSolution
		SolutionGuid = {1C9E90DD-B785-473B-BDBB-4DBB69C5DE9E}
	EndGlobalSection
EndGlobal
