
Microsoft Visual Studio Solution File, Format Version 12.00
# Visual Studio Version 17
VisualStudioVersion = 17.7.34031.279
MinimumVisualStudioVersion = 10.0.40219.1
Project("{FAE04EC0-301F-11D3-BF4B-00C04F79EFBC}") = "AppProject.Server", "AppProject\Server\AppProject.Server.csproj", "{0134308E-3B4B-424D-8A4C-7CD97A6242C4}"
EndProject
Project("{FAE04EC0-301F-11D3-BF4B-00C04F79EFBC}") = "AppProject.Client", "AppProject\Client\AppProject.Client.csproj", "{939CB1D1-2DBD-4973-B7FD-B3BD54242D6F}"
EndProject
Project("{FAE04EC0-301F-11D3-BF4B-00C04F79EFBC}") = "AppProject.Shared", "AppProject\Shared\AppProject.Shared.csproj", "{E060331E-B612-4431-B32E-E04FA9D36468}"
EndProject
Global
	GlobalSection(SolutionConfigurationPlatforms) = preSolution
		Debug|Any CPU = Debug|Any CPU
		Release|Any CPU = Release|Any CPU
	EndGlobalSection
	GlobalSection(ProjectConfigurationPlatforms) = postSolution
		{0134308E-3B4B-424D-8A4C-7CD97A6242C4}.Debug|Any CPU.ActiveCfg = Debug|Any CPU
		{0134308E-3B4B-424D-8A4C-7CD97A6242C4}.Debug|Any CPU.Build.0 = Debug|Any CPU
		{0134308E-3B4B-424D-8A4C-7CD97A6242C4}.Release|Any CPU.ActiveCfg = Release|Any CPU
		{0134308E-3B4B-424D-8A4C-7CD97A6242C4}.Release|Any CPU.Build.0 = Release|Any CPU
		{939CB1D1-2DBD-4973-B7FD-B3BD54242D6F}.Debug|Any CPU.ActiveCfg = Debug|Any CPU
		{939CB1D1-2DBD-4973-B7FD-B3BD54242D6F}.Debug|Any CPU.Build.0 = Debug|Any CPU
		{939CB1D1-2DBD-4973-B7FD-B3BD54242D6F}.Release|Any CPU.ActiveCfg = Release|Any CPU
		{939CB1D1-2DBD-4973-B7FD-B3BD54242D6F}.Release|Any CPU.Build.0 = Release|Any CPU
		{E060331E-B612-4431-B32E-E04FA9D36468}.Debug|Any CPU.ActiveCfg = Debug|Any CPU
		{E060331E-B612-4431-B32E-E04FA9D36468}.Debug|Any CPU.Build.0 = Debug|Any CPU
		{E060331E-B612-4431-B32E-E04FA9D36468}.Release|Any CPU.ActiveCfg = Release|Any CPU
		{E060331E-B612-4431-B32E-E04FA9D36468}.Release|Any CPU.Build.0 = Release|Any CPU
	EndGlobalSection
	GlobalSection(SolutionProperties) = preSolution
		HideSolutionNode = FALSE
	EndGlobalSection
	GlobalSection(ExtensibilityGlobals) = postSolution
		SolutionGuid = {16C1AA05-5829-4618-AAF1-0EABF6370AC5}
	EndGlobalSection
EndGlobal
