
Microsoft Visual Studio Solution File, Format Version 12.00
# Visual Studio Version 17
VisualStudioVersion = 17.7.34031.279
MinimumVisualStudioVersion = 10.0.40219.1
Project("{9A19103F-16F7-4668-BE54-9A1E7A4F7556}") = "AppProject.Client", "AppProject\Client\AppProject.Client.csproj", "{E805D934-2FD0-4CA8-954A-AF361E2E862C}"
EndProject
Project("{9A19103F-16F7-4668-BE54-9A1E7A4F7556}") = "AppProject.Server", "AppProject\Server\AppProject.Server.csproj", "{2CE70A4B-71FF-44D1-B5A9-655E98FB3595}"
EndProject
Project("{9A19103F-16F7-4668-BE54-9A1E7A4F7556}") = "AppProject.Shared", "AppProject\Shared\AppProject.Shared.csproj", "{5DBE09E3-ADBA-448B-BE40-27D06AA9A566}"
EndProject
Project("{9A19103F-16F7-4668-BE54-9A1E7A4F7556}") = "AppProject.AdminClient", "AppProject\AdminClient\AppProject.AdminClient.csproj", "{302362D0-49A4-4A6F-BFEC-9E02DB103C4C}"
EndProject
Global
	GlobalSection(SolutionConfigurationPlatforms) = preSolution
		Debug|Any CPU = Debug|Any CPU
		Release|Any CPU = Release|Any CPU
	EndGlobalSection
	GlobalSection(ProjectConfigurationPlatforms) = postSolution
		{E805D934-2FD0-4CA8-954A-AF361E2E862C}.Debug|Any CPU.ActiveCfg = Debug|Any CPU
		{E805D934-2FD0-4CA8-954A-AF361E2E862C}.Debug|Any CPU.Build.0 = Debug|Any CPU
		{E805D934-2FD0-4CA8-954A-AF361E2E862C}.Release|Any CPU.ActiveCfg = Release|Any CPU
		{E805D934-2FD0-4CA8-954A-AF361E2E862C}.Release|Any CPU.Build.0 = Release|Any CPU
		{2CE70A4B-71FF-44D1-B5A9-655E98FB3595}.Debug|Any CPU.ActiveCfg = Debug|Any CPU
		{2CE70A4B-71FF-44D1-B5A9-655E98FB3595}.Debug|Any CPU.Build.0 = Debug|Any CPU
		{2CE70A4B-71FF-44D1-B5A9-655E98FB3595}.Release|Any CPU.ActiveCfg = Release|Any CPU
		{2CE70A4B-71FF-44D1-B5A9-655E98FB3595}.Release|Any CPU.Build.0 = Release|Any CPU
		{5DBE09E3-ADBA-448B-BE40-27D06AA9A566}.Debug|Any CPU.ActiveCfg = Debug|Any CPU
		{5DBE09E3-ADBA-448B-BE40-27D06AA9A566}.Debug|Any CPU.Build.0 = Debug|Any CPU
		{5DBE09E3-ADBA-448B-BE40-27D06AA9A566}.Release|Any CPU.ActiveCfg = Release|Any CPU
		{5DBE09E3-ADBA-448B-BE40-27D06AA9A566}.Release|Any CPU.Build.0 = Release|Any CPU
		{302362D0-49A4-4A6F-BFEC-9E02DB103C4C}.Debug|Any CPU.ActiveCfg = Debug|Any CPU
		{302362D0-49A4-4A6F-BFEC-9E02DB103C4C}.Debug|Any CPU.Build.0 = Debug|Any CPU
		{302362D0-49A4-4A6F-BFEC-9E02DB103C4C}.Release|Any CPU.ActiveCfg = Release|Any CPU
		{302362D0-49A4-4A6F-BFEC-9E02DB103C4C}.Release|Any CPU.Build.0 = Release|Any CPU
	EndGlobalSection
	GlobalSection(SolutionProperties) = preSolution
		HideSolutionNode = FALSE
	EndGlobalSection
	GlobalSection(ExtensibilityGlobals) = postSolution
		SolutionGuid = {ACC252F0-CC46-4B73-ABBE-65EE5528A805}
	EndGlobalSection
EndGlobal
