
Microsoft Visual Studio Solution File, Format Version 12.00
# Visual Studio Version 17
VisualStudioVersion = 17.7.34031.279
MinimumVisualStudioVersion = 10.0.40219.1
Project("{9A19103F-16F7-4668-BE54-9A1E7A4F7556}") = "MultipleBlazorApps.Server", "MultipleBlazorApps\Server\MultipleBlazorApps.Server.csproj", "{69CC62A1-86ED-4766-9B72-0E6773CD22A3}"
EndProject
Project("{9A19103F-16F7-4668-BE54-9A1E7A4F7556}") = "MultipleBlazorApps.Client", "MultipleBlazorApps\Client\MultipleBlazorApps.Client.csproj", "{EE9DCD7F-758F-4BC5-93A9-B29BCAF2D442}"
EndProject
Project("{9A19103F-16F7-4668-BE54-9A1E7A4F7556}") = "MultipleBlazorApps.Shared", "MultipleBlazorApps\Shared\MultipleBlazorApps.Shared.csproj", "{3E020F28-A310-4C81-A3A5-D49F78EB25DA}"
EndProject
Project("{9A19103F-16F7-4668-BE54-9A1E7A4F7556}") = "MultipleBlazorApps.SecondClient", "MultipleBlazorApps\SecondClient\MultipleBlazorApps.SecondClient.csproj", "{D7E7A795-3203-43C9-ADB9-34DF6186D581}"
EndProject
Global
	GlobalSection(SolutionConfigurationPlatforms) = preSolution
		Debug|Any CPU = Debug|Any CPU
		Release|Any CPU = Release|Any CPU
	EndGlobalSection
	GlobalSection(ProjectConfigurationPlatforms) = postSolution
		{69CC62A1-86ED-4766-9B72-0E6773CD22A3}.Debug|Any CPU.ActiveCfg = Debug|Any CPU
		{69CC62A1-86ED-4766-9B72-0E6773CD22A3}.Debug|Any CPU.Build.0 = Debug|Any CPU
		{69CC62A1-86ED-4766-9B72-0E6773CD22A3}.Release|Any CPU.ActiveCfg = Release|Any CPU
		{69CC62A1-86ED-4766-9B72-0E6773CD22A3}.Release|Any CPU.Build.0 = Release|Any CPU
		{EE9DCD7F-758F-4BC5-93A9-B29BCAF2D442}.Debug|Any CPU.ActiveCfg = Debug|Any CPU
		{EE9DCD7F-758F-4BC5-93A9-B29BCAF2D442}.Debug|Any CPU.Build.0 = Debug|Any CPU
		{EE9DCD7F-758F-4BC5-93A9-B29BCAF2D442}.Release|Any CPU.ActiveCfg = Release|Any CPU
		{EE9DCD7F-758F-4BC5-93A9-B29BCAF2D442}.Release|Any CPU.Build.0 = Release|Any CPU
		{3E020F28-A310-4C81-A3A5-D49F78EB25DA}.Debug|Any CPU.ActiveCfg = Debug|Any CPU
		{3E020F28-A310-4C81-A3A5-D49F78EB25DA}.Debug|Any CPU.Build.0 = Debug|Any CPU
		{3E020F28-A310-4C81-A3A5-D49F78EB25DA}.Release|Any CPU.ActiveCfg = Release|Any CPU
		{3E020F28-A310-4C81-A3A5-D49F78EB25DA}.Release|Any CPU.Build.0 = Release|Any CPU
		{D7E7A795-3203-43C9-ADB9-34DF6186D581}.Debug|Any CPU.ActiveCfg = Debug|Any CPU
		{D7E7A795-3203-43C9-ADB9-34DF6186D581}.Debug|Any CPU.Build.0 = Debug|Any CPU
		{D7E7A795-3203-43C9-ADB9-34DF6186D581}.Release|Any CPU.ActiveCfg = Release|Any CPU
		{D7E7A795-3203-43C9-ADB9-34DF6186D581}.Release|Any CPU.Build.0 = Release|Any CPU
	EndGlobalSection
	GlobalSection(SolutionProperties) = preSolution
		HideSolutionNode = FALSE
	EndGlobalSection
	GlobalSection(ExtensibilityGlobals) = postSolution
		SolutionGuid = {ACC252F0-CC46-4B73-ABBE-65EE5528A805}
	EndGlobalSection
EndGlobal
